
Microsoft Visual Studio Solution File, Format Version 12.00
# Visual Studio Version 17
VisualStudioVersion = 17.11.35327.3
MinimumVisualStudioVersion = 10.0.40219.1
Project("{FAE04EC0-301F-11D3-BF4B-00C04F79EFBC}") = "Greetings", "Greetings\Greetings.csproj", "{7FB1C455-88D3-4817-A0AE-33DB9406BD61}"
EndProject
Global
	GlobalSection(SolutionConfigurationPlatforms) = preSolution
		Debug|Any CPU = Debug|Any CPU
		Release|Any CPU = Release|Any CPU
	EndGlobalSection
	GlobalSection(ProjectConfigurationPlatforms) = postSolution
		{7FB1C455-88D3-4817-A0AE-33DB9406BD61}.Debug|Any CPU.ActiveCfg = Debug|Any CPU
		{7FB1C455-88D3-4817-A0AE-33DB9406BD61}.Debug|Any CPU.Build.0 = Debug|Any CPU
		{7FB1C455-88D3-4817-A0AE-33DB9406BD61}.Release|Any CPU.ActiveCfg = Release|Any CPU
		{7FB1C455-88D3-4817-A0AE-33DB9406BD61}.Release|Any CPU.Build.0 = Release|Any CPU
	EndGlobalSection
	GlobalSection(SolutionProperties) = preSolution
		HideSolutionNode = FALSE
	EndGlobalSection
	GlobalSection(ExtensibilityGlobals) = postSolution
		SolutionGuid = {3C50564B-33F2-441D-97FA-71644E30F788}
	EndGlobalSection
EndGlobal
