
Microsoft Visual Studio Solution File, Format Version 12.00
# Visual Studio Version 17
VisualStudioVersion = 17.11.35327.3
MinimumVisualStudioVersion = 10.0.40219.1
Project("{FAE04EC0-301F-11D3-BF4B-00C04F79EFBC}") = "Operation", "Operation\Operation.csproj", "{8AF853B8-E226-4705-B21F-E1F01A61E576}"
EndProject
Global
	GlobalSection(SolutionConfigurationPlatforms) = preSolution
		Debug|Any CPU = Debug|Any CPU
		Release|Any CPU = Release|Any CPU
	EndGlobalSection
	GlobalSection(ProjectConfigurationPlatforms) = postSolution
		{8AF853B8-E226-4705-B21F-E1F01A61E576}.Debug|Any CPU.ActiveCfg = Debug|Any CPU
		{8AF853B8-E226-4705-B21F-E1F01A61E576}.Debug|Any CPU.Build.0 = Debug|Any CPU
		{8AF853B8-E226-4705-B21F-E1F01A61E576}.Release|Any CPU.ActiveCfg = Release|Any CPU
		{8AF853B8-E226-4705-B21F-E1F01A61E576}.Release|Any CPU.Build.0 = Release|Any CPU
	EndGlobalSection
	GlobalSection(SolutionProperties) = preSolution
		HideSolutionNode = FALSE
	EndGlobalSection
	GlobalSection(ExtensibilityGlobals) = postSolution
		SolutionGuid = {9AFFEDFB-5DE1-4601-A809-E6C14CAED94B}
	EndGlobalSection
EndGlobal
