
Microsoft Visual Studio Solution File, Format Version 12.00
# Visual Studio Version 17
VisualStudioVersion = 17.13.35825.156 d17.13
MinimumVisualStudioVersion = 10.0.40219.1
Project("{FAE04EC0-301F-11D3-BF4B-00C04F79EFBC}") = "WebAppCoreProduct", "WebAppCoreProduct\WebAppCoreProduct.csproj", "{92D8503A-3EDA-4905-A5D1-D93210201E4C}"
EndProject
Global
	GlobalSection(SolutionConfigurationPlatforms) = preSolution
		Debug|Any CPU = Debug|Any CPU
		Release|Any CPU = Release|Any CPU
	EndGlobalSection
	GlobalSection(ProjectConfigurationPlatforms) = postSolution
		{92D8503A-3EDA-4905-A5D1-D93210201E4C}.Debug|Any CPU.ActiveCfg = Debug|Any CPU
		{92D8503A-3EDA-4905-A5D1-D93210201E4C}.Debug|Any CPU.Build.0 = Debug|Any CPU
		{92D8503A-3EDA-4905-A5D1-D93210201E4C}.Release|Any CPU.ActiveCfg = Release|Any CPU
		{92D8503A-3EDA-4905-A5D1-D93210201E4C}.Release|Any CPU.Build.0 = Release|Any CPU
	EndGlobalSection
	GlobalSection(SolutionProperties) = preSolution
		HideSolutionNode = FALSE
	EndGlobalSection
	GlobalSection(ExtensibilityGlobals) = postSolution
		SolutionGuid = {C7C2C770-1DA1-43E2-B121-E3E09F3D5716}
	EndGlobalSection
EndGlobal
