
Microsoft Visual Studio Solution File, Format Version 12.00
# Visual Studio Version 17
VisualStudioVersion = 17.13.35931.197 d17.13
MinimumVisualStudioVersion = 10.0.40219.1
Project("{FAE04EC0-301F-11D3-BF4B-00C04F79EFBC}") = "Grad_WebApp", "Grad_WebApp\Grad_WebApp.csproj", "{5B0355E0-288A-454D-8A30-8C1260302AA1}"
EndProject
Global
	GlobalSection(SolutionConfigurationPlatforms) = preSolution
		Debug|Any CPU = Debug|Any CPU
		Release|Any CPU = Release|Any CPU
	EndGlobalSection
	GlobalSection(ProjectConfigurationPlatforms) = postSolution
		{5B0355E0-288A-454D-8A30-8C1260302AA1}.Debug|Any CPU.ActiveCfg = Debug|Any CPU
		{5B0355E0-288A-454D-8A30-8C1260302AA1}.Debug|Any CPU.Build.0 = Debug|Any CPU
		{5B0355E0-288A-454D-8A30-8C1260302AA1}.Release|Any CPU.ActiveCfg = Release|Any CPU
		{5B0355E0-288A-454D-8A30-8C1260302AA1}.Release|Any CPU.Build.0 = Release|Any CPU
	EndGlobalSection
	GlobalSection(SolutionProperties) = preSolution
		HideSolutionNode = FALSE
	EndGlobalSection
	GlobalSection(ExtensibilityGlobals) = postSolution
		SolutionGuid = {0700A5B5-B8F7-4D41-B40F-FE9BA31F60AA}
	EndGlobalSection
EndGlobal
